// !$*UTF8*$!
{
	archiveVersion = 1;
	classes = {
	};
	objectVersion = 46;
	objects = {

/* Begin PBXBuildFile section */
		AF077640171BF0C80051F9F7 /* UIKit.framework in Frameworks */ = {isa = PBXBuildFile; fileRef = AF07763F171BF0C80051F9F7 /* UIKit.framework */; };
		AF077642171BF0C80051F9F7 /* Foundation.framework in Frameworks */ = {isa = PBXBuildFile; fileRef = AF077641171BF0C80051F9F7 /* Foundation.framework */; };
		AF077644171BF0C80051F9F7 /* CoreGraphics.framework in Frameworks */ = {isa = PBXBuildFile; fileRef = AF077643171BF0C80051F9F7 /* CoreGraphics.framework */; };
		AF07764A171BF0C80051F9F7 /* InfoPlist.strings in Resources */ = {isa = PBXBuildFile; fileRef = AF077648171BF0C80051F9F7 /* InfoPlist.strings */; };
		AF07764C171BF0C80051F9F7 /* main.m in Sources */ = {isa = PBXBuildFile; fileRef = AF07764B171BF0C80051F9F7 /* main.m */; };
		AF077650171BF0C80051F9F7 /* AirhornAppDelegate.m in Sources */ = {isa = PBXBuildFile; fileRef = AF07764F171BF0C80051F9F7 /* AirhornAppDelegate.m */; };
		AF077652171BF0C80051F9F7 /* Default.png in Resources */ = {isa = PBXBuildFile; fileRef = AF077651171BF0C80051F9F7 /* Default.png */; };
		AF077654171BF0C80051F9F7 /* Default@2x.png in Resources */ = {isa = PBXBuildFile; fileRef = AF077653171BF0C80051F9F7 /* Default@2x.png */; };
		AF077656171BF0C80051F9F7 /* Default-568h@2x.png in Resources */ = {isa = PBXBuildFile; fileRef = AF077655171BF0C80051F9F7 /* Default-568h@2x.png */; };
		AF077659171BF0C80051F9F7 /* AirhornViewController.m in Sources */ = {isa = PBXBuildFile; fileRef = AF077658171BF0C80051F9F7 /* AirhornViewController.m */; };
		AF07765C171BF0C80051F9F7 /* AirhornViewController.xib in Resources */ = {isa = PBXBuildFile; fileRef = AF07765A171BF0C80051F9F7 /* AirhornViewController.xib */; };
		AF077663171BF28C0051F9F7 /* horn.png in Resources */ = {isa = PBXBuildFile; fileRef = AF077662171BF28C0051F9F7 /* horn.png */; };
		AF077665171BF7120051F9F7 /* hornSound.m4a in Resources */ = {isa = PBXBuildFile; fileRef = AF077664171BF7120051F9F7 /* hornSound.m4a */; };
		AF077667171BFA2A0051F9F7 /* AVFoundation.framework in Frameworks */ = {isa = PBXBuildFile; fileRef = AF077666171BFA2A0051F9F7 /* AVFoundation.framework */; };
/* End PBXBuildFile section */

/* Begin PBXFileReference section */
		AF07763C171BF0C80051F9F7 /* Airhorn.app */ = {isa = PBXFileReference; explicitFileType = wrapper.application; includeInIndex = 0; path = Airhorn.app; sourceTree = BUILT_PRODUCTS_DIR; };
		AF07763F171BF0C80051F9F7 /* UIKit.framework */ = {isa = PBXFileReference; lastKnownFileType = wrapper.framework; name = UIKit.framework; path = System/Library/Frameworks/UIKit.framework; sourceTree = SDKROOT; };
		AF077641171BF0C80051F9F7 /* Foundation.framework */ = {isa = PBXFileReference; lastKnownFileType = wrapper.framework; name = Foundation.framework; path = System/Library/Frameworks/Foundation.framework; sourceTree = SDKROOT; };
		AF077643171BF0C80051F9F7 /* CoreGraphics.framework */ = {isa = PBXFileReference; lastKnownFileType = wrapper.framework; name = CoreGraphics.framework; path = System/Library/Frameworks/CoreGraphics.framework; sourceTree = SDKROOT; };
		AF077647171BF0C80051F9F7 /* Airhorn-Info.plist */ = {isa = PBXFileReference; lastKnownFileType = text.plist.xml; path = "Airhorn-Info.plist"; sourceTree = "<group>"; };
		AF077649171BF0C80051F9F7 /* en */ = {isa = PBXFileReference; lastKnownFileType = text.plist.strings; name = en; path = en.lproj/InfoPlist.strings; sourceTree = "<group>"; };
		AF07764B171BF0C80051F9F7 /* main.m */ = {isa = PBXFileReference; lastKnownFileType = sourcecode.c.objc; path = main.m; sourceTree = "<group>"; };
		AF07764D171BF0C80051F9F7 /* Airhorn-Prefix.pch */ = {isa = PBXFileReference; lastKnownFileType = sourcecode.c.h; path = "Airhorn-Prefix.pch"; sourceTree = "<group>"; };
		AF07764E171BF0C80051F9F7 /* AirhornAppDelegate.h */ = {isa = PBXFileReference; lastKnownFileType = sourcecode.c.h; path = AirhornAppDelegate.h; sourceTree = "<group>"; };
		AF07764F171BF0C80051F9F7 /* AirhornAppDelegate.m */ = {isa = PBXFileReference; lastKnownFileType = sourcecode.c.objc; path = AirhornAppDelegate.m; sourceTree = "<group>"; };
		AF077651171BF0C80051F9F7 /* Default.png */ = {isa = PBXFileReference; lastKnownFileType = image.png; path = Default.png; sourceTree = "<group>"; };
		AF077653171BF0C80051F9F7 /* Default@2x.png */ = {isa = PBXFileReference; lastKnownFileType = image.png; path = "Default@2x.png"; sourceTree = "<group>"; };
		AF077655171BF0C80051F9F7 /* Default-568h@2x.png */ = {isa = PBXFileReference; lastKnownFileType = image.png; path = "Default-568h@2x.png"; sourceTree = "<group>"; };
		AF077657171BF0C80051F9F7 /* AirhornViewController.h */ = {isa = PBXFileReference; lastKnownFileType = sourcecode.c.h; path = AirhornViewController.h; sourceTree = "<group>"; };
		AF077658171BF0C80051F9F7 /* AirhornViewController.m */ = {isa = PBXFileReference; lastKnownFileType = sourcecode.c.objc; path = AirhornViewController.m; sourceTree = "<group>"; };
		AF07765B171BF0C80051F9F7 /* en */ = {isa = PBXFileReference; lastKnownFileType = file.xib; name = en; path = en.lproj/AirhornViewController.xib; sourceTree = "<group>"; };
		AF077662171BF28C0051F9F7 /* horn.png */ = {isa = PBXFileReference; lastKnownFileType = image.png; name = horn.png; path = ../../horn.png; sourceTree = "<group>"; };
		AF077664171BF7120051F9F7 /* hornSound.m4a */ = {isa = PBXFileReference; lastKnownFileType = file; name = hornSound.m4a; path = "../../Air Euphonium Assets/hornSound.m4a"; sourceTree = "<group>"; };
		AF077666171BFA2A0051F9F7 /* AVFoundation.framework */ = {isa = PBXFileReference; lastKnownFileType = wrapper.framework; name = AVFoundation.framework; path = System/Library/Frameworks/AVFoundation.framework; sourceTree = SDKROOT; };
/* End PBXFileReference section */

/* Begin PBXFrameworksBuildPhase section */
		AF077639171BF0C80051F9F7 /* Frameworks */ = {
			isa = PBXFrameworksBuildPhase;
			buildActionMask = 2147483647;
			files = (
				AF077667171BFA2A0051F9F7 /* AVFoundation.framework in Frameworks */,
				AF077640171BF0C80051F9F7 /* UIKit.framework in Frameworks */,
				AF077642171BF0C80051F9F7 /* Foundation.framework in Frameworks */,
				AF077644171BF0C80051F9F7 /* CoreGraphics.framework in Frameworks */,
			);
			runOnlyForDeploymentPostprocessing = 0;
		};
/* End PBXFrameworksBuildPhase section */

/* Begin PBXGroup section */
		AF077633171BF0C80051F9F7 = {
			isa = PBXGroup;
			children = (
				AF077666171BFA2A0051F9F7 /* AVFoundation.framework */,
				AF077645171BF0C80051F9F7 /* Airhorn */,
				AF07763E171BF0C80051F9F7 /* Frameworks */,
				AF07763D171BF0C80051F9F7 /* Products */,
			);
			sourceTree = "<group>";
		};
		AF07763D171BF0C80051F9F7 /* Products */ = {
			isa = PBXGroup;
			children = (
				AF07763C171BF0C80051F9F7 /* Airhorn.app */,
			);
			name = Products;
			sourceTree = "<group>";
		};
		AF07763E171BF0C80051F9F7 /* Frameworks */ = {
			isa = PBXGroup;
			children = (
				AF07763F171BF0C80051F9F7 /* UIKit.framework */,
				AF077641171BF0C80051F9F7 /* Foundation.framework */,
				AF077643171BF0C80051F9F7 /* CoreGraphics.framework */,
			);
			name = Frameworks;
			sourceTree = "<group>";
		};
		AF077645171BF0C80051F9F7 /* Airhorn */ = {
			isa = PBXGroup;
			children = (
				AF07764E171BF0C80051F9F7 /* AirhornAppDelegate.h */,
				AF07764F171BF0C80051F9F7 /* AirhornAppDelegate.m */,
				AF077657171BF0C80051F9F7 /* AirhornViewController.h */,
				AF077658171BF0C80051F9F7 /* AirhornViewController.m */,
				AF07765A171BF0C80051F9F7 /* AirhornViewController.xib */,
				AF077646171BF0C80051F9F7 /* Supporting Files */,
			);
			path = Airhorn;
			sourceTree = "<group>";
		};
		AF077646171BF0C80051F9F7 /* Supporting Files */ = {
			isa = PBXGroup;
			children = (
				AF077647171BF0C80051F9F7 /* Airhorn-Info.plist */,
				AF077662171BF28C0051F9F7 /* horn.png */,
				AF077664171BF7120051F9F7 /* hornSound.m4a */,
				AF077648171BF0C80051F9F7 /* InfoPlist.strings */,
				AF07764B171BF0C80051F9F7 /* main.m */,
				AF07764D171BF0C80051F9F7 /* Airhorn-Prefix.pch */,
				AF077651171BF0C80051F9F7 /* Default.png */,
				AF077653171BF0C80051F9F7 /* Default@2x.png */,
				AF077655171BF0C80051F9F7 /* Default-568h@2x.png */,
			);
			name = "Supporting Files";
			sourceTree = "<group>";
		};
/* End PBXGroup section */

/* Begin PBXNativeTarget section */
		AF07763B171BF0C80051F9F7 /* Airhorn */ = {
			isa = PBXNativeTarget;
			buildConfigurationList = AF07765F171BF0C80051F9F7 /* Build configuration list for PBXNativeTarget "Airhorn" */;
			buildPhases = (
				AF077638171BF0C80051F9F7 /* Sources */,
				AF077639171BF0C80051F9F7 /* Frameworks */,
				AF07763A171BF0C80051F9F7 /* Resources */,
			);
			buildRules = (
			);
			dependencies = (
			);
			name = Airhorn;
			productName = Airhorn;
			productReference = AF07763C171BF0C80051F9F7 /* Airhorn.app */;
			productType = "com.apple.product-type.application";
		};
/* End PBXNativeTarget section */

/* Begin PBXProject section */
		AF077634171BF0C80051F9F7 /* Project object */ = {
			isa = PBXProject;
			attributes = {
				CLASSPREFIX = Airhorn;
				LastUpgradeCheck = 0460;
				ORGANIZATIONNAME = SAP;
			};
			buildConfigurationList = AF077637171BF0C80051F9F7 /* Build configuration list for PBXProject "Airhorn" */;
			compatibilityVersion = "Xcode 3.2";
			developmentRegion = English;
			hasScannedForEncodings = 0;
			knownRegions = (
				en,
			);
			mainGroup = AF077633171BF0C80051F9F7;
			productRefGroup = AF07763D171BF0C80051F9F7 /* Products */;
			projectDirPath = "";
			projectRoot = "";
			targets = (
				AF07763B171BF0C80051F9F7 /* Airhorn */,
			);
		};
/* End PBXProject section */

/* Begin PBXResourcesBuildPhase section */
		AF07763A171BF0C80051F9F7 /* Resources */ = {
			isa = PBXResourcesBuildPhase;
			buildActionMask = 2147483647;
			files = (
				AF07764A171BF0C80051F9F7 /* InfoPlist.strings in Resources */,
				AF077652171BF0C80051F9F7 /* Default.png in Resources */,
				AF077654171BF0C80051F9F7 /* Default@2x.png in Resources */,
				AF077656171BF0C80051F9F7 /* Default-568h@2x.png in Resources */,
				AF07765C171BF0C80051F9F7 /* AirhornViewController.xib in Resources */,
				AF077663171BF28C0051F9F7 /* horn.png in Resources */,
				AF077665171BF7120051F9F7 /* hornSound.m4a in Resources */,
			);
			runOnlyForDeploymentPostprocessing = 0;
		};
/* End PBXResourcesBuildPhase section */

/* Begin PBXSourcesBuildPhase section */
		AF077638171BF0C80051F9F7 /* Sources */ = {
			isa = PBXSourcesBuildPhase;
			buildActionMask = 2147483647;
			files = (
				AF07764C171BF0C80051F9F7 /* main.m in Sources */,
				AF077650171BF0C80051F9F7 /* AirhornAppDelegate.m in Sources */,
				AF077659171BF0C80051F9F7 /* AirhornViewController.m in Sources */,
			);
			runOnlyForDeploymentPostprocessing = 0;
		};
/* End PBXSourcesBuildPhase section */

/* Begin PBXVariantGroup section */
		AF077648171BF0C80051F9F7 /* InfoPlist.strings */ = {
			isa = PBXVariantGroup;
			children = (
				AF077649171BF0C80051F9F7 /* en */,
			);
			name = InfoPlist.strings;
			sourceTree = "<group>";
		};
		AF07765A171BF0C80051F9F7 /* AirhornViewController.xib */ = {
			isa = PBXVariantGroup;
			children = (
				AF07765B171BF0C80051F9F7 /* en */,
			);
			name = AirhornViewController.xib;
			sourceTree = "<group>";
		};
/* End PBXVariantGroup section */

/* Begin XCBuildConfiguration section */
		AF07765D171BF0C80051F9F7 /* Debug */ = {
			isa = XCBuildConfiguration;
			buildSettings = {
				ALWAYS_SEARCH_USER_PATHS = NO;
				CLANG_CXX_LANGUAGE_STANDARD = "gnu++0x";
				CLANG_CXX_LIBRARY = "libc++";
				CLANG_ENABLE_OBJC_ARC = YES;
				CLANG_WARN_CONSTANT_CONVERSION = YES;
				CLANG_WARN_EMPTY_BODY = YES;
				CLANG_WARN_ENUM_CONVERSION = YES;
				CLANG_WARN_INT_CONVERSION = YES;
				CLANG_WARN__DUPLICATE_METHOD_MATCH = YES;
				"CODE_SIGN_IDENTITY[sdk=iphoneos*]" = "iPhone Developer";
				COPY_PHASE_STRIP = NO;
				GCC_C_LANGUAGE_STANDARD = gnu99;
				GCC_DYNAMIC_NO_PIC = NO;
				GCC_OPTIMIZATION_LEVEL = 0;
				GCC_PREPROCESSOR_DEFINITIONS = (
					"DEBUG=1",
					"$(inherited)",
				);
				GCC_SYMBOLS_PRIVATE_EXTERN = NO;
				GCC_WARN_ABOUT_RETURN_TYPE = YES;
				GCC_WARN_UNINITIALIZED_AUTOS = YES;
				GCC_WARN_UNUSED_VARIABLE = YES;
				IPHONEOS_DEPLOYMENT_TARGET = 6.1;
				ONLY_ACTIVE_ARCH = YES;
				SDKROOT = iphoneos;
			};
			name = Debug;
		};
		AF07765E171BF0C80051F9F7 /* Release */ = {
			isa = XCBuildConfiguration;
			buildSettings = {
				ALWAYS_SEARCH_USER_PATHS = NO;
				CLANG_CXX_LANGUAGE_STANDARD = "gnu++0x";
				CLANG_CXX_LIBRARY = "libc++";
				CLANG_ENABLE_OBJC_ARC = YES;
				CLANG_WARN_CONSTANT_CONVERSION = YES;
				CLANG_WARN_EMPTY_BODY = YES;
				CLANG_WARN_ENUM_CONVERSION = YES;
				CLANG_WARN_INT_CONVERSION = YES;
				CLANG_WARN__DUPLICATE_METHOD_MATCH = YES;
				"CODE_SIGN_IDENTITY[sdk=iphoneos*]" = "iPhone Developer";
				COPY_PHASE_STRIP = YES;
				GCC_C_LANGUAGE_STANDARD = gnu99;
				GCC_WARN_ABOUT_RETURN_TYPE = YES;
				GCC_WARN_UNINITIALIZED_AUTOS = YES;
				GCC_WARN_UNUSED_VARIABLE = YES;
				IPHONEOS_DEPLOYMENT_TARGET = 6.1;
				OTHER_CFLAGS = "-DNS_BLOCK_ASSERTIONS=1";
				SDKROOT = iphoneos;
				VALIDATE_PRODUCT = YES;
			};
			name = Release;
		};
		AF077660171BF0C80051F9F7 /* Debug */ = {
			isa = XCBuildConfiguration;
			buildSettings = {
				GCC_PRECOMPILE_PREFIX_HEADER = YES;
				GCC_PREFIX_HEADER = "Airhorn/Airhorn-Prefix.pch";
				INFOPLIST_FILE = "Airhorn/Airhorn-Info.plist";
				PRODUCT_NAME = "$(TARGET_NAME)";
				WRAPPER_EXTENSION = app;
			};
			name = Debug;
		};
		AF077661171BF0C80051F9F7 /* Release */ = {
			isa = XCBuildConfiguration;
			buildSettings = {
				GCC_PRECOMPILE_PREFIX_HEADER = YES;
				GCC_PREFIX_HEADER = "Airhorn/Airhorn-Prefix.pch";
				INFOPLIST_FILE = "Airhorn/Airhorn-Info.plist";
				PRODUCT_NAME = "$(TARGET_NAME)";
				WRAPPER_EXTENSION = app;
			};
			name = Release;
		};
/* End XCBuildConfiguration section */

/* Begin XCConfigurationList section */
		AF077637171BF0C80051F9F7 /* Build configuration list for PBXProject "Airhorn" */ = {
			isa = XCConfigurationList;
			buildConfigurations = (
				AF07765D171BF0C80051F9F7 /* Debug */,
				AF07765E171BF0C80051F9F7 /* Release */,
			);
			defaultConfigurationIsVisible = 0;
			defaultConfigurationName = Release;
		};
		AF07765F171BF0C80051F9F7 /* Build configuration list for PBXNativeTarget "Airhorn" */ = {
			isa = XCConfigurationList;
			buildConfigurations = (
				AF077660171BF0C80051F9F7 /* Debug */,
				AF077661171BF0C80051F9F7 /* Release */,
			);
			defaultConfigurationIsVisible = 0;
		};
/* End XCConfigurationList section */
	};
	rootObject = AF077634171BF0C80051F9F7 /* Project object */;
}
